// !$*UTF8*$!
{
	archiveVersion = 1;
	classes = {
	};
	objectVersion = 56;
	objects = {

/* Begin PBXBuildFile section */
		958D62762B2EDEA400EA66B4 /* Expense_TrackerApp.swift in Sources */ = {isa = PBXBuildFile; fileRef = 958D62752B2EDEA400EA66B4 /* Expense_TrackerApp.swift */; };
		958D62782B2EDEA400EA66B4 /* ContentView.swift in Sources */ = {isa = PBXBuildFile; fileRef = 958D62772B2EDEA400EA66B4 /* ContentView.swift */; };
		958D627A2B2EDEA700EA66B4 /* Assets.xcassets in Resources */ = {isa = PBXBuildFile; fileRef = 958D62792B2EDEA700EA66B4 /* Assets.xcassets */; };
		958D627D2B2EDEA700EA66B4 /* Preview Assets.xcassets in Resources */ = {isa = PBXBuildFile; fileRef = 958D627C2B2EDEA700EA66B4 /* Preview Assets.xcassets */; };
		958D62862B2EDED500EA66B4 /* IntroScreen.swift in Sources */ = {isa = PBXBuildFile; fileRef = 958D62852B2EDED500EA66B4 /* IntroScreen.swift */; };
		958D62892B2EDFF200EA66B4 /* Constants.swift in Sources */ = {isa = PBXBuildFile; fileRef = 958D62882B2EDFF200EA66B4 /* Constants.swift */; };
		958D628B2B2EE2C500EA66B4 /* Tab.swift in Sources */ = {isa = PBXBuildFile; fileRef = 958D628A2B2EE2C500EA66B4 /* Tab.swift */; };
		958D628D2B2EE9E800EA66B4 /* Category.swift in Sources */ = {isa = PBXBuildFile; fileRef = 958D628C2B2EE9E800EA66B4 /* Category.swift */; };
		958D628F2B2EEA6000EA66B4 /* Transaction.swift in Sources */ = {isa = PBXBuildFile; fileRef = 958D628E2B2EEA6000EA66B4 /* Transaction.swift */; };
		958D62912B2EEAD500EA66B4 /* TintColor.swift in Sources */ = {isa = PBXBuildFile; fileRef = 958D62902B2EEAD500EA66B4 /* TintColor.swift */; };
		958D62942B2EEBF700EA66B4 /* Recents.swift in Sources */ = {isa = PBXBuildFile; fileRef = 958D62932B2EEBF700EA66B4 /* Recents.swift */; };
		958D62962B2EEC0300EA66B4 /* Search.swift in Sources */ = {isa = PBXBuildFile; fileRef = 958D62952B2EEC0300EA66B4 /* Search.swift */; };
		958D62982B2EEC1100EA66B4 /* Graphs.swift in Sources */ = {isa = PBXBuildFile; fileRef = 958D62972B2EEC1100EA66B4 /* Graphs.swift */; };
		958D629A2B2EEC1E00EA66B4 /* Settings.swift in Sources */ = {isa = PBXBuildFile; fileRef = 958D62992B2EEC1E00EA66B4 /* Settings.swift */; };
		958D629C2B2EEDB100EA66B4 /* ViewExtention.swift in Sources */ = {isa = PBXBuildFile; fileRef = 958D629B2B2EEDB100EA66B4 /* ViewExtention.swift */; };
		958D629E2B2EF59500EA66B4 /* DateExtension.swift in Sources */ = {isa = PBXBuildFile; fileRef = 958D629D2B2EF59500EA66B4 /* DateExtension.swift */; };
		958D62A02B2EFA5800EA66B4 /* CardView.swift in Sources */ = {isa = PBXBuildFile; fileRef = 958D629F2B2EFA5800EA66B4 /* CardView.swift */; };
		958D62A22B2F0E4E00EA66B4 /* TransactionCardView.swift in Sources */ = {isa = PBXBuildFile; fileRef = 958D62A12B2F0E4E00EA66B4 /* TransactionCardView.swift */; };
		958D62A42B2F136800EA66B4 /* DateFilterView.swift in Sources */ = {isa = PBXBuildFile; fileRef = 958D62A32B2F136800EA66B4 /* DateFilterView.swift */; };
/* End PBXBuildFile section */

/* Begin PBXFileReference section */
		958D62722B2EDEA400EA66B4 /* Expense Tracker.app */ = {isa = PBXFileReference; explicitFileType = wrapper.application; includeInIndex = 0; path = "Expense Tracker.app"; sourceTree = BUILT_PRODUCTS_DIR; };
		958D62752B2EDEA400EA66B4 /* Expense_TrackerApp.swift */ = {isa = PBXFileReference; lastKnownFileType = sourcecode.swift; path = Expense_TrackerApp.swift; sourceTree = "<group>"; };
		958D62772B2EDEA400EA66B4 /* ContentView.swift */ = {isa = PBXFileReference; lastKnownFileType = sourcecode.swift; path = ContentView.swift; sourceTree = "<group>"; };
		958D62792B2EDEA700EA66B4 /* Assets.xcassets */ = {isa = PBXFileReference; lastKnownFileType = folder.assetcatalog; path = Assets.xcassets; sourceTree = "<group>"; };
		958D627C2B2EDEA700EA66B4 /* Preview Assets.xcassets */ = {isa = PBXFileReference; lastKnownFileType = folder.assetcatalog; path = "Preview Assets.xcassets"; sourceTree = "<group>"; };
		958D62852B2EDED500EA66B4 /* IntroScreen.swift */ = {isa = PBXFileReference; lastKnownFileType = sourcecode.swift; path = IntroScreen.swift; sourceTree = "<group>"; };
		958D62882B2EDFF200EA66B4 /* Constants.swift */ = {isa = PBXFileReference; lastKnownFileType = sourcecode.swift; path = Constants.swift; sourceTree = "<group>"; };
		958D628A2B2EE2C500EA66B4 /* Tab.swift */ = {isa = PBXFileReference; lastKnownFileType = sourcecode.swift; path = Tab.swift; sourceTree = "<group>"; };
		958D628C2B2EE9E800EA66B4 /* Category.swift */ = {isa = PBXFileReference; lastKnownFileType = sourcecode.swift; path = Category.swift; sourceTree = "<group>"; };
		958D628E2B2EEA6000EA66B4 /* Transaction.swift */ = {isa = PBXFileReference; lastKnownFileType = sourcecode.swift; path = Transaction.swift; sourceTree = "<group>"; };
		958D62902B2EEAD500EA66B4 /* TintColor.swift */ = {isa = PBXFileReference; lastKnownFileType = sourcecode.swift; path = TintColor.swift; sourceTree = "<group>"; };
		958D62932B2EEBF700EA66B4 /* Recents.swift */ = {isa = PBXFileReference; lastKnownFileType = sourcecode.swift; path = Recents.swift; sourceTree = "<group>"; };
		958D62952B2EEC0300EA66B4 /* Search.swift */ = {isa = PBXFileReference; lastKnownFileType = sourcecode.swift; path = Search.swift; sourceTree = "<group>"; };
		958D62972B2EEC1100EA66B4 /* Graphs.swift */ = {isa = PBXFileReference; lastKnownFileType = sourcecode.swift; path = Graphs.swift; sourceTree = "<group>"; };
		958D62992B2EEC1E00EA66B4 /* Settings.swift */ = {isa = PBXFileReference; lastKnownFileType = sourcecode.swift; path = Settings.swift; sourceTree = "<group>"; };
		958D629B2B2EEDB100EA66B4 /* ViewExtention.swift */ = {isa = PBXFileReference; lastKnownFileType = sourcecode.swift; path = ViewExtention.swift; sourceTree = "<group>"; };
		958D629D2B2EF59500EA66B4 /* DateExtension.swift */ = {isa = PBXFileReference; lastKnownFileType = sourcecode.swift; path = DateExtension.swift; sourceTree = "<group>"; };
		958D629F2B2EFA5800EA66B4 /* CardView.swift */ = {isa = PBXFileReference; lastKnownFileType = sourcecode.swift; path = CardView.swift; sourceTree = "<group>"; };
		958D62A12B2F0E4E00EA66B4 /* TransactionCardView.swift */ = {isa = PBXFileReference; lastKnownFileType = sourcecode.swift; path = TransactionCardView.swift; sourceTree = "<group>"; };
		958D62A32B2F136800EA66B4 /* DateFilterView.swift */ = {isa = PBXFileReference; lastKnownFileType = sourcecode.swift; path = DateFilterView.swift; sourceTree = "<group>"; };
/* End PBXFileReference section */

/* Begin PBXFrameworksBuildPhase section */
		958D626F2B2EDEA400EA66B4 /* Frameworks */ = {
			isa = PBXFrameworksBuildPhase;
			buildActionMask = 2147483647;
			files = (
			);
			runOnlyForDeploymentPostprocessing = 0;
		};
/* End PBXFrameworksBuildPhase section */

/* Begin PBXGroup section */
		958D62692B2EDEA400EA66B4 = {
			isa = PBXGroup;
			children = (
				958D62742B2EDEA400EA66B4 /* Expense Tracker */,
				958D62732B2EDEA400EA66B4 /* Products */,
			);
			sourceTree = "<group>";
		};
		958D62732B2EDEA400EA66B4 /* Products */ = {
			isa = PBXGroup;
			children = (
				958D62722B2EDEA400EA66B4 /* Expense Tracker.app */,
			);
			name = Products;
			sourceTree = "<group>";
		};
		958D62742B2EDEA400EA66B4 /* Expense Tracker */ = {
			isa = PBXGroup;
			children = (
				958D62872B2EDFE200EA66B4 /* Helpers */,
				958D62842B2EDEBF00EA66B4 /* View */,
				958D62832B2EDEB900EA66B4 /* Model */,
				958D62752B2EDEA400EA66B4 /* Expense_TrackerApp.swift */,
				958D62772B2EDEA400EA66B4 /* ContentView.swift */,
				958D62792B2EDEA700EA66B4 /* Assets.xcassets */,
				958D627B2B2EDEA700EA66B4 /* Preview Content */,
			);
			path = "Expense Tracker";
			sourceTree = "<group>";
		};
		958D627B2B2EDEA700EA66B4 /* Preview Content */ = {
			isa = PBXGroup;
			children = (
				958D627C2B2EDEA700EA66B4 /* Preview Assets.xcassets */,
			);
			path = "Preview Content";
			sourceTree = "<group>";
		};
		958D62832B2EDEB900EA66B4 /* Model */ = {
			isa = PBXGroup;
			children = (
			);
			path = Model;
			sourceTree = "<group>";
		};
		958D62842B2EDEBF00EA66B4 /* View */ = {
			isa = PBXGroup;
			children = (
				958D62922B2EEBE500EA66B4 /* TabViews */,
				958D62852B2EDED500EA66B4 /* IntroScreen.swift */,
				958D628A2B2EE2C500EA66B4 /* Tab.swift */,
				958D628C2B2EE9E800EA66B4 /* Category.swift */,
				958D628E2B2EEA6000EA66B4 /* Transaction.swift */,
				958D62902B2EEAD500EA66B4 /* TintColor.swift */,
			);
			path = View;
			sourceTree = "<group>";
		};
		958D62872B2EDFE200EA66B4 /* Helpers */ = {
			isa = PBXGroup;
			children = (
				958D62882B2EDFF200EA66B4 /* Constants.swift */,
				958D629B2B2EEDB100EA66B4 /* ViewExtention.swift */,
				958D629D2B2EF59500EA66B4 /* DateExtension.swift */,
				958D629F2B2EFA5800EA66B4 /* CardView.swift */,
				958D62A12B2F0E4E00EA66B4 /* TransactionCardView.swift */,
				958D62A32B2F136800EA66B4 /* DateFilterView.swift */,
			);
			path = Helpers;
			sourceTree = "<group>";
		};
		958D62922B2EEBE500EA66B4 /* TabViews */ = {
			isa = PBXGroup;
			children = (
				958D62932B2EEBF700EA66B4 /* Recents.swift */,
				958D62952B2EEC0300EA66B4 /* Search.swift */,
				958D62972B2EEC1100EA66B4 /* Graphs.swift */,
				958D62992B2EEC1E00EA66B4 /* Settings.swift */,
			);
			path = TabViews;
			sourceTree = "<group>";
		};
/* End PBXGroup section */

/* Begin PBXNativeTarget section */
		958D62712B2EDEA400EA66B4 /* Expense Tracker */ = {
			isa = PBXNativeTarget;
			buildConfigurationList = 958D62802B2EDEA700EA66B4 /* Build configuration list for PBXNativeTarget "Expense Tracker" */;
			buildPhases = (
				958D626E2B2EDEA400EA66B4 /* Sources */,
				958D626F2B2EDEA400EA66B4 /* Frameworks */,
				958D62702B2EDEA400EA66B4 /* Resources */,
			);
			buildRules = (
			);
			dependencies = (
			);
			name = "Expense Tracker";
			productName = "Expense Tracker";
			productReference = 958D62722B2EDEA400EA66B4 /* Expense Tracker.app */;
			productType = "com.apple.product-type.application";
		};
/* End PBXNativeTarget section */

/* Begin PBXProject section */
		958D626A2B2EDEA400EA66B4 /* Project object */ = {
			isa = PBXProject;
			attributes = {
				BuildIndependentTargetsInParallel = 1;
				LastSwiftUpdateCheck = 1500;
				LastUpgradeCheck = 1500;
				TargetAttributes = {
					958D62712B2EDEA400EA66B4 = {
						CreatedOnToolsVersion = 15.0.1;
					};
				};
			};
			buildConfigurationList = 958D626D2B2EDEA400EA66B4 /* Build configuration list for PBXProject "Expense Tracker" */;
			compatibilityVersion = "Xcode 14.0";
			developmentRegion = en;
			hasScannedForEncodings = 0;
			knownRegions = (
				en,
				Base,
			);
			mainGroup = 958D62692B2EDEA400EA66B4;
			productRefGroup = 958D62732B2EDEA400EA66B4 /* Products */;
			projectDirPath = "";
			projectRoot = "";
			targets = (
				958D62712B2EDEA400EA66B4 /* Expense Tracker */,
			);
		};
/* End PBXProject section */

/* Begin PBXResourcesBuildPhase section */
		958D62702B2EDEA400EA66B4 /* Resources */ = {
			isa = PBXResourcesBuildPhase;
			buildActionMask = 2147483647;
			files = (
				958D627D2B2EDEA700EA66B4 /* Preview Assets.xcassets in Resources */,
				958D627A2B2EDEA700EA66B4 /* Assets.xcassets in Resources */,
			);
			runOnlyForDeploymentPostprocessing = 0;
		};
/* End PBXResourcesBuildPhase section */

/* Begin PBXSourcesBuildPhase section */
		958D626E2B2EDEA400EA66B4 /* Sources */ = {
			isa = PBXSourcesBuildPhase;
			buildActionMask = 2147483647;
			files = (
				958D62912B2EEAD500EA66B4 /* TintColor.swift in Sources */,
				958D629E2B2EF59500EA66B4 /* DateExtension.swift in Sources */,
				958D62942B2EEBF700EA66B4 /* Recents.swift in Sources */,
				958D629C2B2EEDB100EA66B4 /* ViewExtention.swift in Sources */,
				958D62A02B2EFA5800EA66B4 /* CardView.swift in Sources */,
				958D62A42B2F136800EA66B4 /* DateFilterView.swift in Sources */,
				958D628F2B2EEA6000EA66B4 /* Transaction.swift in Sources */,
				958D62782B2EDEA400EA66B4 /* ContentView.swift in Sources */,
				958D62862B2EDED500EA66B4 /* IntroScreen.swift in Sources */,
				958D628B2B2EE2C500EA66B4 /* Tab.swift in Sources */,
				958D629A2B2EEC1E00EA66B4 /* Settings.swift in Sources */,
				958D62762B2EDEA400EA66B4 /* Expense_TrackerApp.swift in Sources */,
				958D62962B2EEC0300EA66B4 /* Search.swift in Sources */,
				958D62892B2EDFF200EA66B4 /* Constants.swift in Sources */,
				958D62982B2EEC1100EA66B4 /* Graphs.swift in Sources */,
				958D628D2B2EE9E800EA66B4 /* Category.swift in Sources */,
				958D62A22B2F0E4E00EA66B4 /* TransactionCardView.swift in Sources */,
			);
			runOnlyForDeploymentPostprocessing = 0;
		};
/* End PBXSourcesBuildPhase section */

/* Begin XCBuildConfiguration section */
		958D627E2B2EDEA700EA66B4 /* Debug */ = {
			isa = XCBuildConfiguration;
			buildSettings = {
				ALWAYS_SEARCH_USER_PATHS = NO;
				ASSETCATALOG_COMPILER_GENERATE_SWIFT_ASSET_SYMBOL_EXTENSIONS = YES;
				CLANG_ANALYZER_NONNULL = YES;
				CLANG_ANALYZER_NUMBER_OBJECT_CONVERSION = YES_AGGRESSIVE;
				CLANG_CXX_LANGUAGE_STANDARD = "gnu++20";
				CLANG_ENABLE_MODULES = YES;
				CLANG_ENABLE_OBJC_ARC = YES;
				CLANG_ENABLE_OBJC_WEAK = YES;
				CLANG_WARN_BLOCK_CAPTURE_AUTORELEASING = YES;
				CLANG_WARN_BOOL_CONVERSION = YES;
				CLANG_WARN_COMMA = YES;
				CLANG_WARN_CONSTANT_CONVERSION = YES;
				CLANG_WARN_DEPRECATED_OBJC_IMPLEMENTATIONS = YES;
				CLANG_WARN_DIRECT_OBJC_ISA_USAGE = YES_ERROR;
				CLANG_WARN_DOCUMENTATION_COMMENTS = YES;
				CLANG_WARN_EMPTY_BODY = YES;
				CLANG_WARN_ENUM_CONVERSION = YES;
				CLANG_WARN_INFINITE_RECURSION = YES;
				CLANG_WARN_INT_CONVERSION = YES;
				CLANG_WARN_NON_LITERAL_NULL_CONVERSION = YES;
				CLANG_WARN_OBJC_IMPLICIT_RETAIN_SELF = YES;
				CLANG_WARN_OBJC_LITERAL_CONVERSION = YES;
				CLANG_WARN_OBJC_ROOT_CLASS = YES_ERROR;
				CLANG_WARN_QUOTED_INCLUDE_IN_FRAMEWORK_HEADER = YES;
				CLANG_WARN_RANGE_LOOP_ANALYSIS = YES;
				CLANG_WARN_STRICT_PROTOTYPES = YES;
				CLANG_WARN_SUSPICIOUS_MOVE = YES;
				CLANG_WARN_UNGUARDED_AVAILABILITY = YES_AGGRESSIVE;
				CLANG_WARN_UNREACHABLE_CODE = YES;
				CLANG_WARN__DUPLICATE_METHOD_MATCH = YES;
				COPY_PHASE_STRIP = NO;
				DEBUG_INFORMATION_FORMAT = dwarf;
				ENABLE_STRICT_OBJC_MSGSEND = YES;
				ENABLE_TESTABILITY = YES;
				ENABLE_USER_SCRIPT_SANDBOXING = YES;
				GCC_C_LANGUAGE_STANDARD = gnu17;
				GCC_DYNAMIC_NO_PIC = NO;
				GCC_NO_COMMON_BLOCKS = YES;
				GCC_OPTIMIZATION_LEVEL = 0;
				GCC_PREPROCESSOR_DEFINITIONS = (
					"DEBUG=1",
					"$(inherited)",
				);
				GCC_WARN_64_TO_32_BIT_CONVERSION = YES;
				GCC_WARN_ABOUT_RETURN_TYPE = YES_ERROR;
				GCC_WARN_UNDECLARED_SELECTOR = YES;
				GCC_WARN_UNINITIALIZED_AUTOS = YES_AGGRESSIVE;
				GCC_WARN_UNUSED_FUNCTION = YES;
				GCC_WARN_UNUSED_VARIABLE = YES;
				IPHONEOS_DEPLOYMENT_TARGET = 17.0;
				LOCALIZATION_PREFERS_STRING_CATALOGS = YES;
				MTL_ENABLE_DEBUG_INFO = INCLUDE_SOURCE;
				MTL_FAST_MATH = YES;
				ONLY_ACTIVE_ARCH = YES;
				SDKROOT = iphoneos;
				SWIFT_ACTIVE_COMPILATION_CONDITIONS = "DEBUG $(inherited)";
				SWIFT_OPTIMIZATION_LEVEL = "-Onone";
			};
			name = Debug;
		};
		958D627F2B2EDEA700EA66B4 /* Release */ = {
			isa = XCBuildConfiguration;
			buildSettings = {
				ALWAYS_SEARCH_USER_PATHS = NO;
				ASSETCATALOG_COMPILER_GENERATE_SWIFT_ASSET_SYMBOL_EXTENSIONS = YES;
				CLANG_ANALYZER_NONNULL = YES;
				CLANG_ANALYZER_NUMBER_OBJECT_CONVERSION = YES_AGGRESSIVE;
				CLANG_CXX_LANGUAGE_STANDARD = "gnu++20";
				CLANG_ENABLE_MODULES = YES;
				CLANG_ENABLE_OBJC_ARC = YES;
				CLANG_ENABLE_OBJC_WEAK = YES;
				CLANG_WARN_BLOCK_CAPTURE_AUTORELEASING = YES;
				CLANG_WARN_BOOL_CONVERSION = YES;
				CLANG_WARN_COMMA = YES;
				CLANG_WARN_CONSTANT_CONVERSION = YES;
				CLANG_WARN_DEPRECATED_OBJC_IMPLEMENTATIONS = YES;
				CLANG_WARN_DIRECT_OBJC_ISA_USAGE = YES_ERROR;
				CLANG_WARN_DOCUMENTATION_COMMENTS = YES;
				CLANG_WARN_EMPTY_BODY = YES;
				CLANG_WARN_ENUM_CONVERSION = YES;
				CLANG_WARN_INFINITE_RECURSION = YES;
				CLANG_WARN_INT_CONVERSION = YES;
				CLANG_WARN_NON_LITERAL_NULL_CONVERSION = YES;
				CLANG_WARN_OBJC_IMPLICIT_RETAIN_SELF = YES;
				CLANG_WARN_OBJC_LITERAL_CONVERSION = YES;
				CLANG_WARN_OBJC_ROOT_CLASS = YES_ERROR;
				CLANG_WARN_QUOTED_INCLUDE_IN_FRAMEWORK_HEADER = YES;
				CLANG_WARN_RANGE_LOOP_ANALYSIS = YES;
				CLANG_WARN_STRICT_PROTOTYPES = YES;
				CLANG_WARN_SUSPICIOUS_MOVE = YES;
				CLANG_WARN_UNGUARDED_AVAILABILITY = YES_AGGRESSIVE;
				CLANG_WARN_UNREACHABLE_CODE = YES;
				CLANG_WARN__DUPLICATE_METHOD_MATCH = YES;
				COPY_PHASE_STRIP = NO;
				DEBUG_INFORMATION_FORMAT = "dwarf-with-dsym";
				ENABLE_NS_ASSERTIONS = NO;
				ENABLE_STRICT_OBJC_MSGSEND = YES;
				ENABLE_USER_SCRIPT_SANDBOXING = YES;
				GCC_C_LANGUAGE_STANDARD = gnu17;
				GCC_NO_COMMON_BLOCKS = YES;
				GCC_WARN_64_TO_32_BIT_CONVERSION = YES;
				GCC_WARN_ABOUT_RETURN_TYPE = YES_ERROR;
				GCC_WARN_UNDECLARED_SELECTOR = YES;
				GCC_WARN_UNINITIALIZED_AUTOS = YES_AGGRESSIVE;
				GCC_WARN_UNUSED_FUNCTION = YES;
				GCC_WARN_UNUSED_VARIABLE = YES;
				IPHONEOS_DEPLOYMENT_TARGET = 17.0;
				LOCALIZATION_PREFERS_STRING_CATALOGS = YES;
				MTL_ENABLE_DEBUG_INFO = NO;
				MTL_FAST_MATH = YES;
				SDKROOT = iphoneos;
				SWIFT_COMPILATION_MODE = wholemodule;
				VALIDATE_PRODUCT = YES;
			};
			name = Release;
		};
		958D62812B2EDEA700EA66B4 /* Debug */ = {
			isa = XCBuildConfiguration;
			buildSettings = {
				ASSETCATALOG_COMPILER_APPICON_NAME = AppIcon;
				ASSETCATALOG_COMPILER_GLOBAL_ACCENT_COLOR_NAME = AccentColor;
				CODE_SIGN_STYLE = Automatic;
				CURRENT_PROJECT_VERSION = 1;
				DEVELOPMENT_ASSET_PATHS = "\"Expense Tracker/Preview Content\"";
				DEVELOPMENT_TEAM = QGAWN9852R;
				ENABLE_PREVIEWS = YES;
				GENERATE_INFOPLIST_FILE = YES;
				INFOPLIST_KEY_UIApplicationSceneManifest_Generation = YES;
				INFOPLIST_KEY_UIApplicationSupportsIndirectInputEvents = YES;
				INFOPLIST_KEY_UILaunchScreen_Generation = YES;
				INFOPLIST_KEY_UISupportedInterfaceOrientations_iPad = "UIInterfaceOrientationPortrait UIInterfaceOrientationPortraitUpsideDown UIInterfaceOrientationLandscapeLeft UIInterfaceOrientationLandscapeRight";
				INFOPLIST_KEY_UISupportedInterfaceOrientations_iPhone = "UIInterfaceOrientationPortrait UIInterfaceOrientationLandscapeLeft UIInterfaceOrientationLandscapeRight";
				LD_RUNPATH_SEARCH_PATHS = (
					"$(inherited)",
					"@executable_path/Frameworks",
				);
				MARKETING_VERSION = 1.0;
				PRODUCT_BUNDLE_IDENTIFIER = "woo.Expense-Tracker";
				PRODUCT_NAME = "$(TARGET_NAME)";
				SWIFT_EMIT_LOC_STRINGS = YES;
				SWIFT_VERSION = 5.0;
				TARGETED_DEVICE_FAMILY = "1,2";
			};
			name = Debug;
		};
		958D62822B2EDEA700EA66B4 /* Release */ = {
			isa = XCBuildConfiguration;
			buildSettings = {
				ASSETCATALOG_COMPILER_APPICON_NAME = AppIcon;
				ASSETCATALOG_COMPILER_GLOBAL_ACCENT_COLOR_NAME = AccentColor;
				CODE_SIGN_STYLE = Automatic;
				CURRENT_PROJECT_VERSION = 1;
				DEVELOPMENT_ASSET_PATHS = "\"Expense Tracker/Preview Content\"";
				DEVELOPMENT_TEAM = QGAWN9852R;
				ENABLE_PREVIEWS = YES;
				GENERATE_INFOPLIST_FILE = YES;
				INFOPLIST_KEY_UIApplicationSceneManifest_Generation = YES;
				INFOPLIST_KEY_UIApplicationSupportsIndirectInputEvents = YES;
				INFOPLIST_KEY_UILaunchScreen_Generation = YES;
				INFOPLIST_KEY_UISupportedInterfaceOrientations_iPad = "UIInterfaceOrientationPortrait UIInterfaceOrientationPortraitUpsideDown UIInterfaceOrientationLandscapeLeft UIInterfaceOrientationLandscapeRight";
				INFOPLIST_KEY_UISupportedInterfaceOrientations_iPhone = "UIInterfaceOrientationPortrait UIInterfaceOrientationLandscapeLeft UIInterfaceOrientationLandscapeRight";
				LD_RUNPATH_SEARCH_PATHS = (
					"$(inherited)",
					"@executable_path/Frameworks",
				);
				MARKETING_VERSION = 1.0;
				PRODUCT_BUNDLE_IDENTIFIER = "woo.Expense-Tracker";
				PRODUCT_NAME = "$(TARGET_NAME)";
				SWIFT_EMIT_LOC_STRINGS = YES;
				SWIFT_VERSION = 5.0;
				TARGETED_DEVICE_FAMILY = "1,2";
			};
			name = Release;
		};
/* End XCBuildConfiguration section */

/* Begin XCConfigurationList section */
		958D626D2B2EDEA400EA66B4 /* Build configuration list for PBXProject "Expense Tracker" */ = {
			isa = XCConfigurationList;
			buildConfigurations = (
				958D627E2B2EDEA700EA66B4 /* Debug */,
				958D627F2B2EDEA700EA66B4 /* Release */,
			);
			defaultConfigurationIsVisible = 0;
			defaultConfigurationName = Release;
		};
		958D62802B2EDEA700EA66B4 /* Build configuration list for PBXNativeTarget "Expense Tracker" */ = {
			isa = XCConfigurationList;
			buildConfigurations = (
				958D62812B2EDEA700EA66B4 /* Debug */,
				958D62822B2EDEA700EA66B4 /* Release */,
			);
			defaultConfigurationIsVisible = 0;
			defaultConfigurationName = Release;
		};
/* End XCConfigurationList section */
	};
	rootObject = 958D626A2B2EDEA400EA66B4 /* Project object */;
}
